
Microsoft Visual Studio Solution File, Format Version 12.00
# Visual Studio Version 16
VisualStudioVersion = 16.0.29905.134
MinimumVisualStudioVersion = 15.0.26124.0
Project("{9A19103F-16F7-4668-BE54-9A1E7A4F7556}") = "DataBuses", "DataBuses\DataBuses.csproj", "{BC5E5DD4-F9A7-4789-9AF3-7FBD73022CFB}"
EndProject
Project("{9A19103F-16F7-4668-BE54-9A1E7A4F7556}") = "DataBuses.Tests", "DataBuses.Tests\DataBuses.Tests.csproj", "{3E61159B-E707-40A9-A656-D10890A55056}"
EndProject
Project("{2150E333-8FDC-42A3-9474-1A3956D46DE8}") = "Dockerfiles", "Dockerfiles", "{5D200084-E80E-4CCE-8705-29ED61378E2F}"
	ProjectSection(SolutionItems) = preProject
		Dockerfiles\Dockerfile.test = Dockerfiles\Dockerfile.test
	EndProjectSection
EndProject
Project("{FAE04EC0-301F-11D3-BF4B-00C04F79EFBC}") = "DataBuses.Interfaces", "DataBuses.Interfaces\DataBuses.Interfaces.csproj", "{1C2C14F7-2A52-4818-A579-718DDBF79D0D}"
EndProject
Global
	GlobalSection(SolutionConfigurationPlatforms) = preSolution
		Debug|Any CPU = Debug|Any CPU
		Debug|x64 = Debug|x64
		Debug|x86 = Debug|x86
		Release|Any CPU = Release|Any CPU
		Release|x64 = Release|x64
		Release|x86 = Release|x86
	EndGlobalSection
	GlobalSection(ProjectConfigurationPlatforms) = postSolution
		{BC5E5DD4-F9A7-4789-9AF3-7FBD73022CFB}.Debug|Any CPU.ActiveCfg = Debug|Any CPU
		{BC5E5DD4-F9A7-4789-9AF3-7FBD73022CFB}.Debug|Any CPU.Build.0 = Debug|Any CPU
		{BC5E5DD4-F9A7-4789-9AF3-7FBD73022CFB}.Debug|x64.ActiveCfg = Debug|Any CPU
		{BC5E5DD4-F9A7-4789-9AF3-7FBD73022CFB}.Debug|x64.Build.0 = Debug|Any CPU
		{BC5E5DD4-F9A7-4789-9AF3-7FBD73022CFB}.Debug|x86.ActiveCfg = Debug|Any CPU
		{BC5E5DD4-F9A7-4789-9AF3-7FBD73022CFB}.Debug|x86.Build.0 = Debug|Any CPU
		{BC5E5DD4-F9A7-4789-9AF3-7FBD73022CFB}.Release|Any CPU.ActiveCfg = Release|Any CPU
		{BC5E5DD4-F9A7-4789-9AF3-7FBD73022CFB}.Release|Any CPU.Build.0 = Release|Any CPU
		{BC5E5DD4-F9A7-4789-9AF3-7FBD73022CFB}.Release|x64.ActiveCfg = Release|Any CPU
		{BC5E5DD4-F9A7-4789-9AF3-7FBD73022CFB}.Release|x64.Build.0 = Release|Any CPU
		{BC5E5DD4-F9A7-4789-9AF3-7FBD73022CFB}.Release|x86.ActiveCfg = Release|Any CPU
		{BC5E5DD4-F9A7-4789-9AF3-7FBD73022CFB}.Release|x86.Build.0 = Release|Any CPU
		{3E61159B-E707-40A9-A656-D10890A55056}.Debug|Any CPU.ActiveCfg = Debug|Any CPU
		{3E61159B-E707-40A9-A656-D10890A55056}.Debug|Any CPU.Build.0 = Debug|Any CPU
		{3E61159B-E707-40A9-A656-D10890A55056}.Debug|x64.ActiveCfg = Debug|Any CPU
		{3E61159B-E707-40A9-A656-D10890A55056}.Debug|x64.Build.0 = Debug|Any CPU
		{3E61159B-E707-40A9-A656-D10890A55056}.Debug|x86.ActiveCfg = Debug|Any CPU
		{3E61159B-E707-40A9-A656-D10890A55056}.Debug|x86.Build.0 = Debug|Any CPU
		{3E61159B-E707-40A9-A656-D10890A55056}.Release|Any CPU.ActiveCfg = Release|Any CPU
		{3E61159B-E707-40A9-A656-D10890A55056}.Release|Any CPU.Build.0 = Release|Any CPU
		{3E61159B-E707-40A9-A656-D10890A55056}.Release|x64.ActiveCfg = Release|Any CPU
		{3E61159B-E707-40A9-A656-D10890A55056}.Release|x64.Build.0 = Release|Any CPU
		{3E61159B-E707-40A9-A656-D10890A55056}.Release|x86.ActiveCfg = Release|Any CPU
		{3E61159B-E707-40A9-A656-D10890A55056}.Release|x86.Build.0 = Release|Any CPU
		{1C2C14F7-2A52-4818-A579-718DDBF79D0D}.Debug|Any CPU.ActiveCfg = Debug|Any CPU
		{1C2C14F7-2A52-4818-A579-718DDBF79D0D}.Debug|Any CPU.Build.0 = Debug|Any CPU
		{1C2C14F7-2A52-4818-A579-718DDBF79D0D}.Debug|x64.ActiveCfg = Debug|Any CPU
		{1C2C14F7-2A52-4818-A579-718DDBF79D0D}.Debug|x64.Build.0 = Debug|Any CPU
		{1C2C14F7-2A52-4818-A579-718DDBF79D0D}.Debug|x86.ActiveCfg = Debug|Any CPU
		{1C2C14F7-2A52-4818-A579-718DDBF79D0D}.Debug|x86.Build.0 = Debug|Any CPU
		{1C2C14F7-2A52-4818-A579-718DDBF79D0D}.Release|Any CPU.ActiveCfg = Release|Any CPU
		{1C2C14F7-2A52-4818-A579-718DDBF79D0D}.Release|Any CPU.Build.0 = Release|Any CPU
		{1C2C14F7-2A52-4818-A579-718DDBF79D0D}.Release|x64.ActiveCfg = Release|Any CPU
		{1C2C14F7-2A52-4818-A579-718DDBF79D0D}.Release|x64.Build.0 = Release|Any CPU
		{1C2C14F7-2A52-4818-A579-718DDBF79D0D}.Release|x86.ActiveCfg = Release|Any CPU
		{1C2C14F7-2A52-4818-A579-718DDBF79D0D}.Release|x86.Build.0 = Release|Any CPU
	EndGlobalSection
	GlobalSection(SolutionProperties) = preSolution
		HideSolutionNode = FALSE
	EndGlobalSection
	GlobalSection(ExtensibilityGlobals) = postSolution
		SolutionGuid = {995D1E76-1A9B-426E-9016-46A24CFBC4B3}
	EndGlobalSection
EndGlobal
